// !$*UTF8*$!
{
	archiveVersion = 1;
	classes = {
	};
	objectVersion = 55;
	objects = {

/* Begin PBXBuildFile section */
		F0406B302A3ED2E500479570 /* AppDelegate.swift in Sources */ = {isa = PBXBuildFile; fileRef = F0406B2F2A3ED2E500479570 /* AppDelegate.swift */; };
		F0406B322A3ED2E500479570 /* SceneDelegate.swift in Sources */ = {isa = PBXBuildFile; fileRef = F0406B312A3ED2E500479570 /* SceneDelegate.swift */; };
		F0406B342A3ED2E500479570 /* RMTabBarController.swift in Sources */ = {isa = PBXBuildFile; fileRef = F0406B332A3ED2E500479570 /* RMTabBarController.swift */; };
		F0406B392A3ED2E800479570 /* Assets.xcassets in Resources */ = {isa = PBXBuildFile; fileRef = F0406B382A3ED2E800479570 /* Assets.xcassets */; };
		F0406B3C2A3ED2E800479570 /* LaunchScreen.storyboard in Resources */ = {isa = PBXBuildFile; fileRef = F0406B3A2A3ED2E800479570 /* LaunchScreen.storyboard */; };
		F0406B4B2A3EDAA800479570 /* RMLocation.swift in Sources */ = {isa = PBXBuildFile; fileRef = F0406B4A2A3EDAA800479570 /* RMLocation.swift */; };
		F0406B4D2A3EDACD00479570 /* RMCharacter.swift in Sources */ = {isa = PBXBuildFile; fileRef = F0406B4C2A3EDACD00479570 /* RMCharacter.swift */; };
		F0406B4F2A3EDAE000479570 /* RMEpisode.swift in Sources */ = {isa = PBXBuildFile; fileRef = F0406B4E2A3EDAE000479570 /* RMEpisode.swift */; };
		F0406B542A3F30F500479570 /* RMCharacterViewController.swift in Sources */ = {isa = PBXBuildFile; fileRef = F0406B532A3F30F500479570 /* RMCharacterViewController.swift */; };
		F0406B562A3F311F00479570 /* RMLocationViewController.swift in Sources */ = {isa = PBXBuildFile; fileRef = F0406B552A3F311F00479570 /* RMLocationViewController.swift */; };
		F0406B582A3F314900479570 /* RMEpisodeViewConroller.swift in Sources */ = {isa = PBXBuildFile; fileRef = F0406B572A3F314900479570 /* RMEpisodeViewConroller.swift */; };
		F0406B5A2A3F316300479570 /* RMSettingsViewController.swift in Sources */ = {isa = PBXBuildFile; fileRef = F0406B592A3F316300479570 /* RMSettingsViewController.swift */; };
/* End PBXBuildFile section */

/* Begin PBXFileReference section */
		F0406B2C2A3ED2E500479570 /* RickAndMorty.app */ = {isa = PBXFileReference; explicitFileType = wrapper.application; includeInIndex = 0; path = RickAndMorty.app; sourceTree = BUILT_PRODUCTS_DIR; };
		F0406B2F2A3ED2E500479570 /* AppDelegate.swift */ = {isa = PBXFileReference; lastKnownFileType = sourcecode.swift; path = AppDelegate.swift; sourceTree = "<group>"; };
		F0406B312A3ED2E500479570 /* SceneDelegate.swift */ = {isa = PBXFileReference; lastKnownFileType = sourcecode.swift; path = SceneDelegate.swift; sourceTree = "<group>"; };
		F0406B332A3ED2E500479570 /* RMTabBarController.swift */ = {isa = PBXFileReference; lastKnownFileType = sourcecode.swift; path = RMTabBarController.swift; sourceTree = "<group>"; };
		F0406B382A3ED2E800479570 /* Assets.xcassets */ = {isa = PBXFileReference; lastKnownFileType = folder.assetcatalog; path = Assets.xcassets; sourceTree = "<group>"; };
		F0406B3B2A3ED2E800479570 /* Base */ = {isa = PBXFileReference; lastKnownFileType = file.storyboard; name = Base; path = Base.lproj/LaunchScreen.storyboard; sourceTree = "<group>"; };
		F0406B3D2A3ED2E800479570 /* Info.plist */ = {isa = PBXFileReference; lastKnownFileType = text.plist.xml; path = Info.plist; sourceTree = "<group>"; };
		F0406B4A2A3EDAA800479570 /* RMLocation.swift */ = {isa = PBXFileReference; lastKnownFileType = sourcecode.swift; path = RMLocation.swift; sourceTree = "<group>"; };
		F0406B4C2A3EDACD00479570 /* RMCharacter.swift */ = {isa = PBXFileReference; lastKnownFileType = sourcecode.swift; path = RMCharacter.swift; sourceTree = "<group>"; };
		F0406B4E2A3EDAE000479570 /* RMEpisode.swift */ = {isa = PBXFileReference; lastKnownFileType = sourcecode.swift; path = RMEpisode.swift; sourceTree = "<group>"; };
		F0406B532A3F30F500479570 /* RMCharacterViewController.swift */ = {isa = PBXFileReference; lastKnownFileType = sourcecode.swift; path = RMCharacterViewController.swift; sourceTree = "<group>"; };
		F0406B552A3F311F00479570 /* RMLocationViewController.swift */ = {isa = PBXFileReference; lastKnownFileType = sourcecode.swift; path = RMLocationViewController.swift; sourceTree = "<group>"; };
		F0406B572A3F314900479570 /* RMEpisodeViewConroller.swift */ = {isa = PBXFileReference; lastKnownFileType = sourcecode.swift; path = RMEpisodeViewConroller.swift; sourceTree = "<group>"; };
		F0406B592A3F316300479570 /* RMSettingsViewController.swift */ = {isa = PBXFileReference; lastKnownFileType = sourcecode.swift; path = RMSettingsViewController.swift; sourceTree = "<group>"; };
/* End PBXFileReference section */

/* Begin PBXFrameworksBuildPhase section */
		F0406B292A3ED2E500479570 /* Frameworks */ = {
			isa = PBXFrameworksBuildPhase;
			buildActionMask = 2147483647;
			files = (
			);
			runOnlyForDeploymentPostprocessing = 0;
		};
/* End PBXFrameworksBuildPhase section */

/* Begin PBXGroup section */
		F0406B232A3ED2E500479570 = {
			isa = PBXGroup;
			children = (
				F0406B2E2A3ED2E500479570 /* RickAndMorty */,
				F0406B2D2A3ED2E500479570 /* Products */,
			);
			sourceTree = "<group>";
		};
		F0406B2D2A3ED2E500479570 /* Products */ = {
			isa = PBXGroup;
			children = (
				F0406B2C2A3ED2E500479570 /* RickAndMorty.app */,
			);
			name = Products;
			sourceTree = "<group>";
		};
		F0406B2E2A3ED2E500479570 /* RickAndMorty */ = {
			isa = PBXGroup;
			children = (
				F0406B492A3ED8D200479570 /* Resources */,
				F0406B482A3ED8CA00479570 /* Managers */,
				F0406B472A3ED8BE00479570 /* APIClient */,
				F0406B452A3ED88F00479570 /* ViewModels */,
				F0406B442A3ED88500479570 /* Models */,
				F0406B432A3ED87800479570 /* Controllers */,
				F0406B3D2A3ED2E800479570 /* Info.plist */,
			);
			path = RickAndMorty;
			sourceTree = "<group>";
		};
		F0406B432A3ED87800479570 /* Controllers */ = {
			isa = PBXGroup;
			children = (
				F0406B502A3EDB2500479570 /* Core */,
			);
			path = Controllers;
			sourceTree = "<group>";
		};
		F0406B442A3ED88500479570 /* Models */ = {
			isa = PBXGroup;
			children = (
				F0406B4A2A3EDAA800479570 /* RMLocation.swift */,
				F0406B4C2A3EDACD00479570 /* RMCharacter.swift */,
				F0406B4E2A3EDAE000479570 /* RMEpisode.swift */,
			);
			path = Models;
			sourceTree = "<group>";
		};
		F0406B452A3ED88F00479570 /* ViewModels */ = {
			isa = PBXGroup;
			children = (
			);
			path = ViewModels;
			sourceTree = "<group>";
		};
		F0406B472A3ED8BE00479570 /* APIClient */ = {
			isa = PBXGroup;
			children = (
			);
			path = APIClient;
			sourceTree = "<group>";
		};
		F0406B482A3ED8CA00479570 /* Managers */ = {
			isa = PBXGroup;
			children = (
			);
			path = Managers;
			sourceTree = "<group>";
		};
		F0406B492A3ED8D200479570 /* Resources */ = {
			isa = PBXGroup;
			children = (
				F0406B312A3ED2E500479570 /* SceneDelegate.swift */,
				F0406B2F2A3ED2E500479570 /* AppDelegate.swift */,
				F0406B3A2A3ED2E800479570 /* LaunchScreen.storyboard */,
				F0406B382A3ED2E800479570 /* Assets.xcassets */,
			);
			path = Resources;
			sourceTree = "<group>";
		};
		F0406B502A3EDB2500479570 /* Core */ = {
			isa = PBXGroup;
			children = (
				F0406B332A3ED2E500479570 /* RMTabBarController.swift */,
				F0406B552A3F311F00479570 /* RMLocationViewController.swift */,
				F0406B532A3F30F500479570 /* RMCharacterViewController.swift */,
				F0406B572A3F314900479570 /* RMEpisodeViewConroller.swift */,
				F0406B592A3F316300479570 /* RMSettingsViewController.swift */,
			);
			path = Core;
			sourceTree = "<group>";
		};
/* End PBXGroup section */

/* Begin PBXNativeTarget section */
		F0406B2B2A3ED2E500479570 /* RickAndMorty */ = {
			isa = PBXNativeTarget;
			buildConfigurationList = F0406B402A3ED2E800479570 /* Build configuration list for PBXNativeTarget "RickAndMorty" */;
			buildPhases = (
				F0406B282A3ED2E500479570 /* Sources */,
				F0406B292A3ED2E500479570 /* Frameworks */,
				F0406B2A2A3ED2E500479570 /* Resources */,
			);
			buildRules = (
			);
			dependencies = (
			);
			name = RickAndMorty;
			productName = RickAndMorty;
			productReference = F0406B2C2A3ED2E500479570 /* RickAndMorty.app */;
			productType = "com.apple.product-type.application";
		};
/* End PBXNativeTarget section */

/* Begin PBXProject section */
		F0406B242A3ED2E500479570 /* Project object */ = {
			isa = PBXProject;
			attributes = {
				BuildIndependentTargetsInParallel = 1;
				LastSwiftUpdateCheck = 1340;
				LastUpgradeCheck = 1340;
				TargetAttributes = {
					F0406B2B2A3ED2E500479570 = {
						CreatedOnToolsVersion = 13.4.1;
					};
				};
			};
			buildConfigurationList = F0406B272A3ED2E500479570 /* Build configuration list for PBXProject "RickAndMorty" */;
			compatibilityVersion = "Xcode 13.0";
			developmentRegion = en;
			hasScannedForEncodings = 0;
			knownRegions = (
				en,
				Base,
			);
			mainGroup = F0406B232A3ED2E500479570;
			productRefGroup = F0406B2D2A3ED2E500479570 /* Products */;
			projectDirPath = "";
			projectRoot = "";
			targets = (
				F0406B2B2A3ED2E500479570 /* RickAndMorty */,
			);
		};
/* End PBXProject section */

/* Begin PBXResourcesBuildPhase section */
		F0406B2A2A3ED2E500479570 /* Resources */ = {
			isa = PBXResourcesBuildPhase;
			buildActionMask = 2147483647;
			files = (
				F0406B3C2A3ED2E800479570 /* LaunchScreen.storyboard in Resources */,
				F0406B392A3ED2E800479570 /* Assets.xcassets in Resources */,
			);
			runOnlyForDeploymentPostprocessing = 0;
		};
/* End PBXResourcesBuildPhase section */

/* Begin PBXSourcesBuildPhase section */
		F0406B282A3ED2E500479570 /* Sources */ = {
			isa = PBXSourcesBuildPhase;
			buildActionMask = 2147483647;
			files = (
				F0406B562A3F311F00479570 /* RMLocationViewController.swift in Sources */,
				F0406B4F2A3EDAE000479570 /* RMEpisode.swift in Sources */,
				F0406B342A3ED2E500479570 /* RMTabBarController.swift in Sources */,
				F0406B302A3ED2E500479570 /* AppDelegate.swift in Sources */,
				F0406B322A3ED2E500479570 /* SceneDelegate.swift in Sources */,
				F0406B4B2A3EDAA800479570 /* RMLocation.swift in Sources */,
				F0406B5A2A3F316300479570 /* RMSettingsViewController.swift in Sources */,
				F0406B582A3F314900479570 /* RMEpisodeViewConroller.swift in Sources */,
				F0406B4D2A3EDACD00479570 /* RMCharacter.swift in Sources */,
				F0406B542A3F30F500479570 /* RMCharacterViewController.swift in Sources */,
			);
			runOnlyForDeploymentPostprocessing = 0;
		};
/* End PBXSourcesBuildPhase section */

/* Begin PBXVariantGroup section */
		F0406B3A2A3ED2E800479570 /* LaunchScreen.storyboard */ = {
			isa = PBXVariantGroup;
			children = (
				F0406B3B2A3ED2E800479570 /* Base */,
			);
			name = LaunchScreen.storyboard;
			sourceTree = "<group>";
		};
/* End PBXVariantGroup section */

/* Begin XCBuildConfiguration section */
		F0406B3E2A3ED2E800479570 /* Debug */ = {
			isa = XCBuildConfiguration;
			buildSettings = {
				ALWAYS_SEARCH_USER_PATHS = NO;
				CLANG_ANALYZER_NONNULL = YES;
				CLANG_ANALYZER_NUMBER_OBJECT_CONVERSION = YES_AGGRESSIVE;
				CLANG_CXX_LANGUAGE_STANDARD = "gnu++17";
				CLANG_ENABLE_MODULES = YES;
				CLANG_ENABLE_OBJC_ARC = YES;
				CLANG_ENABLE_OBJC_WEAK = YES;
				CLANG_WARN_BLOCK_CAPTURE_AUTORELEASING = YES;
				CLANG_WARN_BOOL_CONVERSION = YES;
				CLANG_WARN_COMMA = YES;
				CLANG_WARN_CONSTANT_CONVERSION = YES;
				CLANG_WARN_DEPRECATED_OBJC_IMPLEMENTATIONS = YES;
				CLANG_WARN_DIRECT_OBJC_ISA_USAGE = YES_ERROR;
				CLANG_WARN_DOCUMENTATION_COMMENTS = YES;
				CLANG_WARN_EMPTY_BODY = YES;
				CLANG_WARN_ENUM_CONVERSION = YES;
				CLANG_WARN_INFINITE_RECURSION = YES;
				CLANG_WARN_INT_CONVERSION = YES;
				CLANG_WARN_NON_LITERAL_NULL_CONVERSION = YES;
				CLANG_WARN_OBJC_IMPLICIT_RETAIN_SELF = YES;
				CLANG_WARN_OBJC_LITERAL_CONVERSION = YES;
				CLANG_WARN_OBJC_ROOT_CLASS = YES_ERROR;
				CLANG_WARN_QUOTED_INCLUDE_IN_FRAMEWORK_HEADER = YES;
				CLANG_WARN_RANGE_LOOP_ANALYSIS = YES;
				CLANG_WARN_STRICT_PROTOTYPES = YES;
				CLANG_WARN_SUSPICIOUS_MOVE = YES;
				CLANG_WARN_UNGUARDED_AVAILABILITY = YES_AGGRESSIVE;
				CLANG_WARN_UNREACHABLE_CODE = YES;
				CLANG_WARN__DUPLICATE_METHOD_MATCH = YES;
				COPY_PHASE_STRIP = NO;
				DEBUG_INFORMATION_FORMAT = dwarf;
				ENABLE_STRICT_OBJC_MSGSEND = YES;
				ENABLE_TESTABILITY = YES;
				GCC_C_LANGUAGE_STANDARD = gnu11;
				GCC_DYNAMIC_NO_PIC = NO;
				GCC_NO_COMMON_BLOCKS = YES;
				GCC_OPTIMIZATION_LEVEL = 0;
				GCC_PREPROCESSOR_DEFINITIONS = (
					"DEBUG=1",
					"$(inherited)",
				);
				GCC_WARN_64_TO_32_BIT_CONVERSION = YES;
				GCC_WARN_ABOUT_RETURN_TYPE = YES_ERROR;
				GCC_WARN_UNDECLARED_SELECTOR = YES;
				GCC_WARN_UNINITIALIZED_AUTOS = YES_AGGRESSIVE;
				GCC_WARN_UNUSED_FUNCTION = YES;
				GCC_WARN_UNUSED_VARIABLE = YES;
				IPHONEOS_DEPLOYMENT_TARGET = 15.5;
				MTL_ENABLE_DEBUG_INFO = INCLUDE_SOURCE;
				MTL_FAST_MATH = YES;
				ONLY_ACTIVE_ARCH = YES;
				SDKROOT = iphoneos;
				SWIFT_ACTIVE_COMPILATION_CONDITIONS = DEBUG;
				SWIFT_OPTIMIZATION_LEVEL = "-Onone";
			};
			name = Debug;
		};
		F0406B3F2A3ED2E800479570 /* Release */ = {
			isa = XCBuildConfiguration;
			buildSettings = {
				ALWAYS_SEARCH_USER_PATHS = NO;
				CLANG_ANALYZER_NONNULL = YES;
				CLANG_ANALYZER_NUMBER_OBJECT_CONVERSION = YES_AGGRESSIVE;
				CLANG_CXX_LANGUAGE_STANDARD = "gnu++17";
				CLANG_ENABLE_MODULES = YES;
				CLANG_ENABLE_OBJC_ARC = YES;
				CLANG_ENABLE_OBJC_WEAK = YES;
				CLANG_WARN_BLOCK_CAPTURE_AUTORELEASING = YES;
				CLANG_WARN_BOOL_CONVERSION = YES;
				CLANG_WARN_COMMA = YES;
				CLANG_WARN_CONSTANT_CONVERSION = YES;
				CLANG_WARN_DEPRECATED_OBJC_IMPLEMENTATIONS = YES;
				CLANG_WARN_DIRECT_OBJC_ISA_USAGE = YES_ERROR;
				CLANG_WARN_DOCUMENTATION_COMMENTS = YES;
				CLANG_WARN_EMPTY_BODY = YES;
				CLANG_WARN_ENUM_CONVERSION = YES;
				CLANG_WARN_INFINITE_RECURSION = YES;
				CLANG_WARN_INT_CONVERSION = YES;
				CLANG_WARN_NON_LITERAL_NULL_CONVERSION = YES;
				CLANG_WARN_OBJC_IMPLICIT_RETAIN_SELF = YES;
				CLANG_WARN_OBJC_LITERAL_CONVERSION = YES;
				CLANG_WARN_OBJC_ROOT_CLASS = YES_ERROR;
				CLANG_WARN_QUOTED_INCLUDE_IN_FRAMEWORK_HEADER = YES;
				CLANG_WARN_RANGE_LOOP_ANALYSIS = YES;
				CLANG_WARN_STRICT_PROTOTYPES = YES;
				CLANG_WARN_SUSPICIOUS_MOVE = YES;
				CLANG_WARN_UNGUARDED_AVAILABILITY = YES_AGGRESSIVE;
				CLANG_WARN_UNREACHABLE_CODE = YES;
				CLANG_WARN__DUPLICATE_METHOD_MATCH = YES;
				COPY_PHASE_STRIP = NO;
				DEBUG_INFORMATION_FORMAT = "dwarf-with-dsym";
				ENABLE_NS_ASSERTIONS = NO;
				ENABLE_STRICT_OBJC_MSGSEND = YES;
				GCC_C_LANGUAGE_STANDARD = gnu11;
				GCC_NO_COMMON_BLOCKS = YES;
				GCC_WARN_64_TO_32_BIT_CONVERSION = YES;
				GCC_WARN_ABOUT_RETURN_TYPE = YES_ERROR;
				GCC_WARN_UNDECLARED_SELECTOR = YES;
				GCC_WARN_UNINITIALIZED_AUTOS = YES_AGGRESSIVE;
				GCC_WARN_UNUSED_FUNCTION = YES;
				GCC_WARN_UNUSED_VARIABLE = YES;
				IPHONEOS_DEPLOYMENT_TARGET = 15.5;
				MTL_ENABLE_DEBUG_INFO = NO;
				MTL_FAST_MATH = YES;
				SDKROOT = iphoneos;
				SWIFT_COMPILATION_MODE = wholemodule;
				SWIFT_OPTIMIZATION_LEVEL = "-O";
				VALIDATE_PRODUCT = YES;
			};
			name = Release;
		};
		F0406B412A3ED2E800479570 /* Debug */ = {
			isa = XCBuildConfiguration;
			buildSettings = {
				ASSETCATALOG_COMPILER_APPICON_NAME = AppIcon;
				ASSETCATALOG_COMPILER_GLOBAL_ACCENT_COLOR_NAME = AccentColor;
				CODE_SIGN_STYLE = Automatic;
				CURRENT_PROJECT_VERSION = 1;
				DEVELOPMENT_TEAM = 2A2R5E9K84;
				GENERATE_INFOPLIST_FILE = YES;
				INFOPLIST_FILE = RickAndMorty/Info.plist;
				INFOPLIST_KEY_UIApplicationSupportsIndirectInputEvents = YES;
				INFOPLIST_KEY_UILaunchStoryboardName = LaunchScreen;
				INFOPLIST_KEY_UISupportedInterfaceOrientations_iPad = "UIInterfaceOrientationPortrait UIInterfaceOrientationPortraitUpsideDown UIInterfaceOrientationLandscapeLeft UIInterfaceOrientationLandscapeRight";
				INFOPLIST_KEY_UISupportedInterfaceOrientations_iPhone = "UIInterfaceOrientationPortrait UIInterfaceOrientationLandscapeLeft UIInterfaceOrientationLandscapeRight";
				LD_RUNPATH_SEARCH_PATHS = (
					"$(inherited)",
					"@executable_path/Frameworks",
				);
				MARKETING_VERSION = 1.0;
				PRODUCT_BUNDLE_IDENTIFIER = com.cryptoartspirit.RickAndMorty;
				PRODUCT_NAME = "$(TARGET_NAME)";
				SWIFT_EMIT_LOC_STRINGS = YES;
				SWIFT_VERSION = 5.0;
				TARGETED_DEVICE_FAMILY = "1,2";
			};
			name = Debug;
		};
		F0406B422A3ED2E800479570 /* Release */ = {
			isa = XCBuildConfiguration;
			buildSettings = {
				ASSETCATALOG_COMPILER_APPICON_NAME = AppIcon;
				ASSETCATALOG_COMPILER_GLOBAL_ACCENT_COLOR_NAME = AccentColor;
				CODE_SIGN_STYLE = Automatic;
				CURRENT_PROJECT_VERSION = 1;
				DEVELOPMENT_TEAM = 2A2R5E9K84;
				GENERATE_INFOPLIST_FILE = YES;
				INFOPLIST_FILE = RickAndMorty/Info.plist;
				INFOPLIST_KEY_UIApplicationSupportsIndirectInputEvents = YES;
				INFOPLIST_KEY_UILaunchStoryboardName = LaunchScreen;
				INFOPLIST_KEY_UISupportedInterfaceOrientations_iPad = "UIInterfaceOrientationPortrait UIInterfaceOrientationPortraitUpsideDown UIInterfaceOrientationLandscapeLeft UIInterfaceOrientationLandscapeRight";
				INFOPLIST_KEY_UISupportedInterfaceOrientations_iPhone = "UIInterfaceOrientationPortrait UIInterfaceOrientationLandscapeLeft UIInterfaceOrientationLandscapeRight";
				LD_RUNPATH_SEARCH_PATHS = (
					"$(inherited)",
					"@executable_path/Frameworks",
				);
				MARKETING_VERSION = 1.0;
				PRODUCT_BUNDLE_IDENTIFIER = com.cryptoartspirit.RickAndMorty;
				PRODUCT_NAME = "$(TARGET_NAME)";
				SWIFT_EMIT_LOC_STRINGS = YES;
				SWIFT_VERSION = 5.0;
				TARGETED_DEVICE_FAMILY = "1,2";
			};
			name = Release;
		};
/* End XCBuildConfiguration section */

/* Begin XCConfigurationList section */
		F0406B272A3ED2E500479570 /* Build configuration list for PBXProject "RickAndMorty" */ = {
			isa = XCConfigurationList;
			buildConfigurations = (
				F0406B3E2A3ED2E800479570 /* Debug */,
				F0406B3F2A3ED2E800479570 /* Release */,
			);
			defaultConfigurationIsVisible = 0;
			defaultConfigurationName = Release;
		};
		F0406B402A3ED2E800479570 /* Build configuration list for PBXNativeTarget "RickAndMorty" */ = {
			isa = XCConfigurationList;
			buildConfigurations = (
				F0406B412A3ED2E800479570 /* Debug */,
				F0406B422A3ED2E800479570 /* Release */,
			);
			defaultConfigurationIsVisible = 0;
			defaultConfigurationName = Release;
		};
/* End XCConfigurationList section */
	};
	rootObject = F0406B242A3ED2E500479570 /* Project object */;
}
